# Generated by pub
# See https://dart.dev/tools/pub/glossary#lockfile
packages:
  after_layout:
    dependency: transitive
    description:
      name: after_layout
      url: "https://pub.dartlang.org"
    source: hosted
    version: "1.0.7+2"
  amap_core_fluttify:
    dependency: transitive
    description:
      name: amap_core_fluttify
      url: "https://pub.dartlang.org"
    source: hosted
    version: "0.2.4+bb1f005"
  amap_location_fluttify:
    dependency: "direct main"
    description:
      name: amap_location_fluttify
      url: "https://pub.dartlang.org"
    source: hosted
    version: "0.5.1+a918944"
  archive:
    dependency: transitive
    description:
      name: archive
      url: "https://pub.dartlang.org"
    source: hosted
    version: "2.0.11"
  args:
    dependency: transitive
    description:
      name: args
      url: "https://pub.dartlang.org"
    source: hosted
    version: "1.5.2"
  async:
    dependency: transitive
    description:
      name: async
      url: "https://pub.dartlang.org"
    source: hosted
    version: "2.4.0"
  azlistview:
    dependency: "direct main"
    description:
      name: azlistview
      url: "https://pub.dartlang.org"
    source: hosted
    version: "0.1.2"
  boolean_selector:
    dependency: transitive
    description:
      name: boolean_selector
      url: "https://pub.dartlang.org"
    source: hosted
    version: "1.0.5"
  camera:
    dependency: "direct main"
    description:
      name: camera
      url: "https://pub.dartlang.org"
    source: hosted
    version: "0.5.7+2"
  charcode:
    dependency: transitive
    description:
      name: charcode
      url: "https://pub.dartlang.org"
    source: hosted
    version: "1.1.2"
  city_pickers:
    dependency: "direct main"
    description:
      name: city_pickers
      url: "https://pub.dartlang.org"
    source: hosted
    version: "0.1.29"
  collection:
    dependency: transitive
    description:
      name: collection
      url: "https://pub.dartlang.org"
    source: hosted
    version: "1.14.11"
  convert:
    dependency: transitive
    description:
      name: convert
      url: "https://pub.dartlang.org"
    source: hosted
    version: "2.1.1"
  crypto:
    dependency: transitive
    description:
      name: crypto
      url: "https://pub.dartlang.org"
    source: hosted
    version: "2.1.3"
  cupertino_icons:
    dependency: "direct main"
    description:
      name: cupertino_icons
      url: "https://pub.dartlang.org"
    source: hosted
    version: "0.1.3"
  device_info:
    dependency: "direct main"
    description:
      name: device_info
      url: "https://pub.dartlang.org"
    source: hosted
    version: "0.4.1+4"
  dio:
    dependency: "direct main"
    description:
      name: dio
      url: "https://pub.dartlang.org"
    source: hosted
    version: "3.0.0"
  dragablegridview_flutter:
    dependency: "direct main"
    description:
      name: dragablegridview_flutter
      url: "https://pub.dartlang.org"
    source: hosted
    version: "0.2.5"
  emoji_picker:
    dependency: "direct main"
    description:
      name: emoji_picker
      url: "https://pub.dartlang.org"
    source: hosted
    version: "0.0.2"
  extended_image:
    dependency: "direct main"
    description:
      name: extended_image
      url: "https://pub.dartlang.org"
    source: hosted
    version: "0.6.8"
  extended_image_library:
    dependency: transitive
    description:
      name: extended_image_library
      url: "https://pub.dartlang.org"
    source: hosted
    version: "0.1.9"
  extended_nested_scroll_view:
    dependency: "direct main"
    description:
      name: extended_nested_scroll_view
      url: "https://pub.dartlang.org"
    source: hosted
    version: "0.3.8"
  extended_text:
    dependency: "direct main"
    description:
      name: extended_text
      url: "https://pub.dartlang.org"
    source: hosted
    version: "0.6.4"
  extended_text_library:
    dependency: transitive
    description:
      name: extended_text_library
      url: "https://pub.dartlang.org"
    source: hosted
    version: "0.4.9"
  fish_redux:
    dependency: "direct main"
    description:
      name: fish_redux
      url: "https://pub.dartlang.org"
    source: hosted
    version: "0.3.1"
  flutter:
    dependency: "direct main"
    description: flutter
    source: sdk
    version: "0.0.0"
  flutter_cupertino_date_picker:
    dependency: "direct main"
    description:
      name: flutter_cupertino_date_picker
      url: "https://pub.dartlang.org"
    source: hosted
    version: "1.0.12"
  flutter_easyrefresh:
    dependency: "direct main"
    description:
      path: "."
      ref: v2
      resolved-ref: b532c91074857765abe0f746c800a5233be115cd
      url: "https://github.com/xuelongqy/flutter_easyrefresh.git"
    source: git
    version: "2.0.6"
  flutter_ijkplayer:
    dependency: "direct main"
    description:
      name: flutter_ijkplayer
      url: "https://pub.dartlang.org"
    source: hosted
    version: "0.3.5+1"
  flutter_localizations:
    dependency: "direct main"
    description: flutter
    source: sdk
    version: "0.0.0"
  flutter_page_indicator:
    dependency: transitive
    description:
      name: flutter_page_indicator
      url: "https://pub.dartlang.org"
    source: hosted
    version: "0.0.3"
  flutter_spinkit:
    dependency: "direct main"
    description:
      name: flutter_spinkit
      url: "https://pub.dartlang.org"
    source: hosted
    version: "3.1.0"
  flutter_swiper:
    dependency: "direct main"
    description:
      name: flutter_swiper
      url: "https://pub.dartlang.org"
    source: hosted
    version: "1.1.6"
  flutter_test:
    dependency: "direct dev"
    description: flutter
    source: sdk
    version: "0.0.0"
  flutter_vertical_marquee:
    dependency: "direct main"
    description:
      path: "."
      ref: HEAD
      resolved-ref: efde240c1947b1f47d7e60c427ad1eead39875f9
      url: "https://github.com/zhangruiyu/flutter_vertical_marquee.git"
    source: git
    version: "0.2.3"
  flutter_web_plugins:
    dependency: transitive
    description: flutter
    source: sdk
    version: "0.0.0"
  fluwx:
    dependency: "direct main"
    description:
      name: fluwx
      url: "https://pub.dartlang.org"
    source: hosted
    version: "1.1.3"
  foundation_fluttify:
    dependency: transitive
    description:
      name: foundation_fluttify
      url: "https://pub.dartlang.org"
    source: hosted
    version: "0.2.5"
  http:
    dependency: transitive
    description:
      name: http
      url: "https://pub.dartlang.org"
    source: hosted
    version: "0.12.0+2"
  http_client_helper:
    dependency: transitive
    description:
      name: http_client_helper
      url: "https://pub.dartlang.org"
    source: hosted
    version: "0.2.1"
  http_parser:
    dependency: transitive
    description:
      name: http_parser
      url: "https://pub.dartlang.org"
    source: hosted
    version: "3.1.3"
  image:
    dependency: transitive
    description:
      name: image
      url: "https://pub.dartlang.org"
    source: hosted
    version: "2.1.4"
  image_picker:
    dependency: "direct main"
    description:
      name: image_picker
      url: "https://pub.dartlang.org"
    source: hosted
    version: "0.6.2+3"
  image_picker_saver:
    dependency: "direct main"
    description:
      name: image_picker_saver
      url: "https://pub.dartlang.org"
    source: hosted
    version: "0.3.0"
  intl:
    dependency: transitive
    description:
      name: intl
      url: "https://pub.dartlang.org"
    source: hosted
    version: "0.16.0"
  janalytics:
    dependency: "direct main"
    description:
      name: janalytics
      url: "https://pub.dartlang.org"
    source: hosted
    version: "0.0.3"
  jmessage_flutter:
    dependency: "direct main"
    description:
      path: "."
      ref: HEAD
      resolved-ref: ea7a692873284124c693110058f2576eb35ecddd
      url: "https://github.com/zhangruiyu/jmessage-flutter-plugin.git"
    source: git
    version: "0.3.0"
  jpush_flutter:
    dependency: "direct main"
    description:
      name: jpush_flutter
      url: "https://pub.dartlang.org"
    source: hosted
    version: "0.1.0"
  jverify:
    dependency: "direct main"
    description:
      name: jverify
      url: "https://pub.dartlang.org"
    source: hosted
    version: "0.5.2"
  like_button:
    dependency: "direct main"
    description:
      name: like_button
      url: "https://pub.dartlang.org"
    source: hosted
    version: "0.1.9"
  lpinyin:
    dependency: "direct main"
    description:
      name: lpinyin
      url: "https://pub.dartlang.org"
    source: hosted
    version: "1.0.7"
  markdown:
    dependency: "direct main"
    description:
      name: markdown
      url: "https://pub.dartlang.org"
    source: hosted
    version: "2.1.3"
  matcher:
    dependency: transitive
    description:
      name: matcher
      url: "https://pub.dartlang.org"
    source: hosted
    version: "0.12.6"
  material_design_icons_flutter:
    dependency: "direct main"
    description:
      name: material_design_icons_flutter
      url: "https://pub.dartlang.org"
    source: hosted
    version: "3.4.4795"
  meta:
    dependency: transitive
    description:
      name: meta
      url: "https://pub.dartlang.org"
    source: hosted
    version: "1.1.8"
  oktoast:
    dependency: "direct main"
    description:
      name: oktoast
      url: "https://pub.dartlang.org"
    source: hosted
    version: "2.2.1"
  package_info:
    dependency: "direct main"
    description:
      name: package_info
      url: "https://pub.dartlang.org"
    source: hosted
    version: "0.4.0+13"
  path:
    dependency: transitive
    description:
      name: path
      url: "https://pub.dartlang.org"
    source: hosted
    version: "1.6.4"
  path_provider:
    dependency: "direct main"
    description:
      name: path_provider
      url: "https://pub.dartlang.org"
    source: hosted
    version: "1.5.1"
  pedantic:
    dependency: transitive
    description:
      name: pedantic
      url: "https://pub.dartlang.org"
    source: hosted
    version: "1.8.0+1"
  percent_indicator:
    dependency: "direct main"
    description:
      name: percent_indicator
      url: "https://pub.dartlang.org"
    source: hosted
    version: "2.1.1+1"
  permission_handler:
    dependency: "direct main"
    description:
      name: permission_handler
      url: "https://pub.dartlang.org"
    source: hosted
    version: "4.0.0"
  petitparser:
    dependency: transitive
    description:
      name: petitparser
      url: "https://pub.dartlang.org"
    source: hosted
    version: "2.4.0"
  photo:
    dependency: "direct main"
    description:
      name: photo
      url: "https://pub.dartlang.org"
    source: hosted
    version: "0.4.5"
  photo_manager:
    dependency: transitive
    description:
      name: photo_manager
      url: "https://pub.dartlang.org"
    source: hosted
    version: "0.4.5"
  photo_view:
    dependency: "direct main"
    description:
      name: photo_view
      url: "https://pub.dartlang.org"
    source: hosted
    version: "0.4.2"
  platform:
    dependency: transitive
    description:
      name: platform
      url: "https://pub.dartlang.org"
    source: hosted
    version: "2.2.1"
  plugin_platform_interface:
    dependency: transitive
    description:
      name: plugin_platform_interface
      url: "https://pub.dartlang.org"
    source: hosted
    version: "1.0.0"
  qr:
    dependency: transitive
    description:
      name: qr
      url: "https://pub.dartlang.org"
    source: hosted
    version: "1.2.0"
  qr_flutter:
    dependency: "direct main"
    description:
      name: qr_flutter
      url: "https://pub.dartlang.org"
    source: hosted
    version: "3.1.0"
  quiver:
    dependency: transitive
    description:
      name: quiver
      url: "https://pub.dartlang.org"
    source: hosted
    version: "2.0.5"
  shared_preferences:
    dependency: "direct main"
    description:
      name: shared_preferences
      url: "https://pub.dartlang.org"
    source: hosted
    version: "0.5.6"
  shared_preferences_macos:
    dependency: transitive
    description:
      name: shared_preferences_macos
      url: "https://pub.dartlang.org"
    source: hosted
    version: "0.0.1+2"
  shared_preferences_platform_interface:
    dependency: transitive
    description:
      name: shared_preferences_platform_interface
      url: "https://pub.dartlang.org"
    source: hosted
    version: "1.0.1"
  shared_preferences_web:
    dependency: transitive
    description:
      name: shared_preferences_web
      url: "https://pub.dartlang.org"
    source: hosted
    version: "0.1.2+2"
  simple_gesture_detector:
    dependency: transitive
    description:
      name: simple_gesture_detector
      url: "https://pub.dartlang.org"
    source: hosted
    version: "0.1.4"
  sky_engine:
    dependency: transitive
    description: flutter
    source: sdk
    version: "0.0.99"
  source_span:
    dependency: transitive
    description:
      name: source_span
      url: "https://pub.dartlang.org"
    source: hosted
    version: "1.5.5"
  stack_trace:
    dependency: transitive
    description:
      name: stack_trace
      url: "https://pub.dartlang.org"
    source: hosted
    version: "1.9.3"
  stream_channel:
    dependency: transitive
    description:
      name: stream_channel
      url: "https://pub.dartlang.org"
    source: hosted
    version: "2.0.0"
  string_scanner:
    dependency: transitive
    description:
      name: string_scanner
      url: "https://pub.dartlang.org"
    source: hosted
    version: "1.0.5"
  table_calendar:
    dependency: "direct main"
    description:
      name: table_calendar
      url: "https://pub.dartlang.org"
    source: hosted
    version: "2.2.1"
  tencent_cos:
    dependency: "direct main"
    description:
      path: "plugins/tencent_cos"
      relative: true
    source: path
    version: "0.1.4"
  term_glyph:
    dependency: transitive
    description:
      name: term_glyph
      url: "https://pub.dartlang.org"
    source: hosted
    version: "1.1.0"
  test_api:
    dependency: transitive
    description:
      name: test_api
      url: "https://pub.dartlang.org"
    source: hosted
    version: "0.2.11"
  thumbnails:
    dependency: "direct main"
    description:
      name: thumbnails
      url: "https://pub.dartlang.org"
    source: hosted
    version: "1.0.1"
  transformer_page_view:
    dependency: transitive
    description:
      name: transformer_page_view
      url: "https://pub.dartlang.org"
    source: hosted
    version: "0.1.6"
  typed_data:
    dependency: transitive
    description:
      name: typed_data
      url: "https://pub.dartlang.org"
    source: hosted
    version: "1.1.6"
  umengshare:
    dependency: "direct main"
    description:
      path: "plugins/flutter_umengshare"
      relative: true
    source: path
    version: "0.0.1"
  url_launcher:
    dependency: "direct main"
    description:
      name: url_launcher
      url: "https://pub.dartlang.org"
    source: hosted
    version: "5.4.1"
  url_launcher_macos:
    dependency: transitive
    description:
      name: url_launcher_macos
      url: "https://pub.dartlang.org"
    source: hosted
    version: "0.0.1+1"
  url_launcher_platform_interface:
    dependency: transitive
    description:
      name: url_launcher_platform_interface
      url: "https://pub.dartlang.org"
    source: hosted
    version: "1.0.4"
  url_launcher_web:
    dependency: transitive
    description:
      name: url_launcher_web
      url: "https://pub.dartlang.org"
    source: hosted
    version: "0.1.0+2"
  vector_math:
    dependency: transitive
    description:
      name: vector_math
      url: "https://pub.dartlang.org"
    source: hosted
    version: "2.0.8"
  webview_flutter:
    dependency: "direct main"
    description:
      name: webview_flutter
      url: "https://pub.dartlang.org"
    source: hosted
    version: "0.3.18+1"
  xml:
    dependency: transitive
    description:
      name: xml
      url: "https://pub.dartlang.org"
    source: hosted
    version: "3.5.0"
sdks:
  dart: ">=2.6.0 <3.0.0"
  flutter: ">=1.12.13+hotfix.4 <2.0.0"
